// !$*UTF8*$!
{
	archiveVersion = 1;
	classes = {
	};
	objectVersion = 50;
	objects = {

/* Begin PBXBuildFile section */
		2A22A64B27F06237003B72EB /* ViewInputDelegate.swift in Sources */ = {isa = PBXBuildFile; fileRef = 2A22A64A27F06237003B72EB /* ViewInputDelegate.swift */; };
		2A22A64F27F063DD003B72EB /* Presenter.swift in Sources */ = {isa = PBXBuildFile; fileRef = 2A22A64E27F063DD003B72EB /* Presenter.swift */; };
		2A22A65227F0669F003B72EB /* DeviceOrientationDelegate.swift in Sources */ = {isa = PBXBuildFile; fileRef = 2A22A65127F0669F003B72EB /* DeviceOrientationDelegate.swift */; };
		2A22A65527F06974003B72EB /* ViewOutputDelegate.swift in Sources */ = {isa = PBXBuildFile; fileRef = 2A22A65427F06974003B72EB /* ViewOutputDelegate.swift */; };
		2A22A65C27F08BEC003B72EB /* Ext.PlayerNumberVC + ViewInputDelegate.swift in Sources */ = {isa = PBXBuildFile; fileRef = 2A22A65B27F08BEC003B72EB /* Ext.PlayerNumberVC + ViewInputDelegate.swift */; };
		2A22A65F27F08CB4003B72EB /* Ext.PlayerNumberVC + DeviceOrientationDelegate.swift in Sources */ = {isa = PBXBuildFile; fileRef = 2A22A65E27F08CB4003B72EB /* Ext.PlayerNumberVC + DeviceOrientationDelegate.swift */; };
		2A22A66227F08D5B003B72EB /* Ext.GameWithPlayerVC + ViewInputDelegate.swift in Sources */ = {isa = PBXBuildFile; fileRef = 2A22A66127F08D5B003B72EB /* Ext.GameWithPlayerVC + ViewInputDelegate.swift */; };
		2A22A66527F08DD4003B72EB /* Ext.GameWithPlayerVC + DeviceOrientationDelegate.swift in Sources */ = {isa = PBXBuildFile; fileRef = 2A22A66427F08DD4003B72EB /* Ext.GameWithPlayerVC + DeviceOrientationDelegate.swift */; };
		2A22A66827F08E5F003B72EB /* Ext.GameWithPlayerVC + AlertController.swift in Sources */ = {isa = PBXBuildFile; fileRef = 2A22A66727F08E5F003B72EB /* Ext.GameWithPlayerVC + AlertController.swift */; };
		2A22A66B27F08EEB003B72EB /* Ext.GameWithComputerVC + ViewInputDelegate.swift in Sources */ = {isa = PBXBuildFile; fileRef = 2A22A66A27F08EEB003B72EB /* Ext.GameWithComputerVC + ViewInputDelegate.swift */; };
		2A22A66E27F08F32003B72EB /* Ext.GameWithComputerVC + DeviceOrientationDelegate.swift in Sources */ = {isa = PBXBuildFile; fileRef = 2A22A66D27F08F32003B72EB /* Ext.GameWithComputerVC + DeviceOrientationDelegate.swift */; };
		2A3AA86B27ECE37400CCF24A /* AppDelegate.swift in Sources */ = {isa = PBXBuildFile; fileRef = 2A3AA86A27ECE37400CCF24A /* AppDelegate.swift */; };
		2A3AA86D27ECE37400CCF24A /* SceneDelegate.swift in Sources */ = {isa = PBXBuildFile; fileRef = 2A3AA86C27ECE37400CCF24A /* SceneDelegate.swift */; };
		2A3AA87227ECE37400CCF24A /* Main.storyboard in Resources */ = {isa = PBXBuildFile; fileRef = 2A3AA87027ECE37400CCF24A /* Main.storyboard */; };
		2A3AA87527ECE37400CCF24A /* GuessTheNumber.xcdatamodeld in Sources */ = {isa = PBXBuildFile; fileRef = 2A3AA87327ECE37400CCF24A /* GuessTheNumber.xcdatamodeld */; };
		2A3AA87727ECE39A00CCF24A /* Assets.xcassets in Resources */ = {isa = PBXBuildFile; fileRef = 2A3AA87627ECE39A00CCF24A /* Assets.xcassets */; };
		2A3AA87A27ECE39A00CCF24A /* LaunchScreen.storyboard in Resources */ = {isa = PBXBuildFile; fileRef = 2A3AA87827ECE39A00CCF24A /* LaunchScreen.storyboard */; };
		2A3AA88427ECECCA00CCF24A /* StartMenuViewController.swift in Sources */ = {isa = PBXBuildFile; fileRef = 2A3AA88327ECECCA00CCF24A /* StartMenuViewController.swift */; };
		2A3AA88927EDC42D00CCF24A /* PlayerNumberViewController.swift in Sources */ = {isa = PBXBuildFile; fileRef = 2A3AA88827EDC42D00CCF24A /* PlayerNumberViewController.swift */; };
		2A3AA88F27EDC4FC00CCF24A /* GameWithComputerViewController.swift in Sources */ = {isa = PBXBuildFile; fileRef = 2A3AA88E27EDC4FC00CCF24A /* GameWithComputerViewController.swift */; };
		2A3AA89227EDC50E00CCF24A /* FinalGameViewController.swift in Sources */ = {isa = PBXBuildFile; fileRef = 2A3AA89127EDC50E00CCF24A /* FinalGameViewController.swift */; };
		2A3AA89527EDC84600CCF24A /* GameWithPlayerViewController.swift in Sources */ = {isa = PBXBuildFile; fileRef = 2A3AA89427EDC84500CCF24A /* GameWithPlayerViewController.swift */; };
/* End PBXBuildFile section */

/* Begin PBXFileReference section */
		2A22A64A27F06237003B72EB /* ViewInputDelegate.swift */ = {isa = PBXFileReference; lastKnownFileType = sourcecode.swift; path = ViewInputDelegate.swift; sourceTree = "<group>"; };
		2A22A64E27F063DD003B72EB /* Presenter.swift */ = {isa = PBXFileReference; lastKnownFileType = sourcecode.swift; path = Presenter.swift; sourceTree = "<group>"; };
		2A22A65127F0669F003B72EB /* DeviceOrientationDelegate.swift */ = {isa = PBXFileReference; lastKnownFileType = sourcecode.swift; path = DeviceOrientationDelegate.swift; sourceTree = "<group>"; };
		2A22A65427F06974003B72EB /* ViewOutputDelegate.swift */ = {isa = PBXFileReference; lastKnownFileType = sourcecode.swift; path = ViewOutputDelegate.swift; sourceTree = "<group>"; };
		2A22A65B27F08BEC003B72EB /* Ext.PlayerNumberVC + ViewInputDelegate.swift */ = {isa = PBXFileReference; lastKnownFileType = sourcecode.swift; path = "Ext.PlayerNumberVC + ViewInputDelegate.swift"; sourceTree = "<group>"; };
		2A22A65E27F08CB4003B72EB /* Ext.PlayerNumberVC + DeviceOrientationDelegate.swift */ = {isa = PBXFileReference; lastKnownFileType = sourcecode.swift; path = "Ext.PlayerNumberVC + DeviceOrientationDelegate.swift"; sourceTree = "<group>"; };
		2A22A66127F08D5B003B72EB /* Ext.GameWithPlayerVC + ViewInputDelegate.swift */ = {isa = PBXFileReference; lastKnownFileType = sourcecode.swift; path = "Ext.GameWithPlayerVC + ViewInputDelegate.swift"; sourceTree = "<group>"; };
		2A22A66427F08DD4003B72EB /* Ext.GameWithPlayerVC + DeviceOrientationDelegate.swift */ = {isa = PBXFileReference; lastKnownFileType = sourcecode.swift; path = "Ext.GameWithPlayerVC + DeviceOrientationDelegate.swift"; sourceTree = "<group>"; };
		2A22A66727F08E5F003B72EB /* Ext.GameWithPlayerVC + AlertController.swift */ = {isa = PBXFileReference; lastKnownFileType = sourcecode.swift; path = "Ext.GameWithPlayerVC + AlertController.swift"; sourceTree = "<group>"; };
		2A22A66A27F08EEB003B72EB /* Ext.GameWithComputerVC + ViewInputDelegate.swift */ = {isa = PBXFileReference; lastKnownFileType = sourcecode.swift; path = "Ext.GameWithComputerVC + ViewInputDelegate.swift"; sourceTree = "<group>"; };
		2A22A66D27F08F32003B72EB /* Ext.GameWithComputerVC + DeviceOrientationDelegate.swift */ = {isa = PBXFileReference; lastKnownFileType = sourcecode.swift; path = "Ext.GameWithComputerVC + DeviceOrientationDelegate.swift"; sourceTree = "<group>"; };
		2A3AA86727ECE37300CCF24A /* GuessTheNumber.app */ = {isa = PBXFileReference; explicitFileType = wrapper.application; includeInIndex = 0; path = GuessTheNumber.app; sourceTree = BUILT_PRODUCTS_DIR; };
		2A3AA86A27ECE37400CCF24A /* AppDelegate.swift */ = {isa = PBXFileReference; lastKnownFileType = sourcecode.swift; path = AppDelegate.swift; sourceTree = "<group>"; };
		2A3AA86C27ECE37400CCF24A /* SceneDelegate.swift */ = {isa = PBXFileReference; lastKnownFileType = sourcecode.swift; path = SceneDelegate.swift; sourceTree = "<group>"; };
		2A3AA87127ECE37400CCF24A /* Base */ = {isa = PBXFileReference; lastKnownFileType = file.storyboard; name = Base; path = Base.lproj/Main.storyboard; sourceTree = "<group>"; };
		2A3AA87427ECE37400CCF24A /* GuessTheNumber.xcdatamodel */ = {isa = PBXFileReference; lastKnownFileType = wrapper.xcdatamodel; path = GuessTheNumber.xcdatamodel; sourceTree = "<group>"; };
		2A3AA87627ECE39A00CCF24A /* Assets.xcassets */ = {isa = PBXFileReference; lastKnownFileType = folder.assetcatalog; path = Assets.xcassets; sourceTree = "<group>"; };
		2A3AA87927ECE39A00CCF24A /* Base */ = {isa = PBXFileReference; lastKnownFileType = file.storyboard; name = Base; path = Base.lproj/LaunchScreen.storyboard; sourceTree = "<group>"; };
		2A3AA87B27ECE39A00CCF24A /* Info.plist */ = {isa = PBXFileReference; lastKnownFileType = text.plist.xml; path = Info.plist; sourceTree = "<group>"; };
		2A3AA88327ECECCA00CCF24A /* StartMenuViewController.swift */ = {isa = PBXFileReference; lastKnownFileType = sourcecode.swift; path = StartMenuViewController.swift; sourceTree = "<group>"; };
		2A3AA88827EDC42D00CCF24A /* PlayerNumberViewController.swift */ = {isa = PBXFileReference; lastKnownFileType = sourcecode.swift; path = PlayerNumberViewController.swift; sourceTree = "<group>"; };
		2A3AA88E27EDC4FC00CCF24A /* GameWithComputerViewController.swift */ = {isa = PBXFileReference; lastKnownFileType = sourcecode.swift; path = GameWithComputerViewController.swift; sourceTree = "<group>"; };
		2A3AA89127EDC50E00CCF24A /* FinalGameViewController.swift */ = {isa = PBXFileReference; lastKnownFileType = sourcecode.swift; path = FinalGameViewController.swift; sourceTree = "<group>"; };
		2A3AA89427EDC84500CCF24A /* GameWithPlayerViewController.swift */ = {isa = PBXFileReference; lastKnownFileType = sourcecode.swift; path = GameWithPlayerViewController.swift; sourceTree = "<group>"; };
/* End PBXFileReference section */

/* Begin PBXFrameworksBuildPhase section */
		2A3AA86427ECE37300CCF24A /* Frameworks */ = {
			isa = PBXFrameworksBuildPhase;
			buildActionMask = 2147483647;
			files = (
			);
			runOnlyForDeploymentPostprocessing = 0;
		};
/* End PBXFrameworksBuildPhase section */

/* Begin PBXGroup section */
		2A22A64927F061D7003B72EB /* Protocols */ = {
			isa = PBXGroup;
			children = (
				2A22A64A27F06237003B72EB /* ViewInputDelegate.swift */,
				2A22A65427F06974003B72EB /* ViewOutputDelegate.swift */,
				2A22A65127F0669F003B72EB /* DeviceOrientationDelegate.swift */,
			);
			path = Protocols;
			sourceTree = "<group>";
		};
		2A22A65927F08993003B72EB /* ExtensionsVC */ = {
			isa = PBXGroup;
			children = (
				2A22A65B27F08BEC003B72EB /* Ext.PlayerNumberVC + ViewInputDelegate.swift */,
				2A22A65E27F08CB4003B72EB /* Ext.PlayerNumberVC + DeviceOrientationDelegate.swift */,
				2A22A66727F08E5F003B72EB /* Ext.GameWithPlayerVC + AlertController.swift */,
				2A22A66127F08D5B003B72EB /* Ext.GameWithPlayerVC + ViewInputDelegate.swift */,
				2A22A66427F08DD4003B72EB /* Ext.GameWithPlayerVC + DeviceOrientationDelegate.swift */,
				2A22A66A27F08EEB003B72EB /* Ext.GameWithComputerVC + ViewInputDelegate.swift */,
				2A22A66D27F08F32003B72EB /* Ext.GameWithComputerVC + DeviceOrientationDelegate.swift */,
			);
			path = ExtensionsVC;
			sourceTree = "<group>";
		};
		2A3AA85E27ECE37300CCF24A = {
			isa = PBXGroup;
			children = (
				2A3AA86927ECE37300CCF24A /* GuessTheNumber */,
				2A3AA86827ECE37300CCF24A /* Products */,
			);
			sourceTree = "<group>";
		};
		2A3AA86827ECE37300CCF24A /* Products */ = {
			isa = PBXGroup;
			children = (
				2A3AA86727ECE37300CCF24A /* GuessTheNumber.app */,
			);
			name = Products;
			sourceTree = "<group>";
		};
		2A3AA86927ECE37300CCF24A /* GuessTheNumber */ = {
			isa = PBXGroup;
			children = (
				2A9EAF2D27EFD0F1007B5A85 /* App */,
				2A9EAF2E27EFD106007B5A85 /* Model */,
				2A9EAF3027EFD122007B5A85 /* View */,
				2A9EAF3127EFD134007B5A85 /* Presenter */,
				2A3AA87027ECE37400CCF24A /* Main.storyboard */,
				2A3AA87827ECE39A00CCF24A /* LaunchScreen.storyboard */,
				2A3AA88B27EDC43D00CCF24A /* SupportingFiles */,
			);
			path = GuessTheNumber;
			sourceTree = "<group>";
		};
		2A3AA88B27EDC43D00CCF24A /* SupportingFiles */ = {
			isa = PBXGroup;
			children = (
				2A3AA87627ECE39A00CCF24A /* Assets.xcassets */,
				2A3AA87B27ECE39A00CCF24A /* Info.plist */,
				2A3AA87327ECE37400CCF24A /* GuessTheNumber.xcdatamodeld */,
			);
			path = SupportingFiles;
			sourceTree = "<group>";
		};
		2A9EAF2D27EFD0F1007B5A85 /* App */ = {
			isa = PBXGroup;
			children = (
				2A3AA86A27ECE37400CCF24A /* AppDelegate.swift */,
				2A3AA86C27ECE37400CCF24A /* SceneDelegate.swift */,
			);
			path = App;
			sourceTree = "<group>";
		};
		2A9EAF2E27EFD106007B5A85 /* Model */ = {
			isa = PBXGroup;
			children = (
			);
			path = Model;
			sourceTree = "<group>";
		};
		2A9EAF3027EFD122007B5A85 /* View */ = {
			isa = PBXGroup;
			children = (
				2A22A64927F061D7003B72EB /* Protocols */,
				2A3AA88327ECECCA00CCF24A /* StartMenuViewController.swift */,
				2A3AA88827EDC42D00CCF24A /* PlayerNumberViewController.swift */,
				2A3AA89427EDC84500CCF24A /* GameWithPlayerViewController.swift */,
				2A3AA88E27EDC4FC00CCF24A /* GameWithComputerViewController.swift */,
				2A3AA89127EDC50E00CCF24A /* FinalGameViewController.swift */,
				2A22A65927F08993003B72EB /* ExtensionsVC */,
			);
			path = View;
			sourceTree = "<group>";
		};
		2A9EAF3127EFD134007B5A85 /* Presenter */ = {
			isa = PBXGroup;
			children = (
				2A22A64E27F063DD003B72EB /* Presenter.swift */,
			);
			path = Presenter;
			sourceTree = "<group>";
		};
/* End PBXGroup section */

/* Begin PBXNativeTarget section */
		2A3AA86627ECE37300CCF24A /* GuessTheNumber */ = {
			isa = PBXNativeTarget;
			buildConfigurationList = 2A3AA87E27ECE39A00CCF24A /* Build configuration list for PBXNativeTarget "GuessTheNumber" */;
			buildPhases = (
				2A3AA86327ECE37300CCF24A /* Sources */,
				2A3AA86427ECE37300CCF24A /* Frameworks */,
				2A3AA86527ECE37300CCF24A /* Resources */,
			);
			buildRules = (
			);
			dependencies = (
			);
			name = GuessTheNumber;
			productName = GuessTheNumber;
			productReference = 2A3AA86727ECE37300CCF24A /* GuessTheNumber.app */;
			productType = "com.apple.product-type.application";
		};
/* End PBXNativeTarget section */

/* Begin PBXProject section */
		2A3AA85F27ECE37300CCF24A /* Project object */ = {
			isa = PBXProject;
			attributes = {
				LastSwiftUpdateCheck = 1240;
				LastUpgradeCheck = 1240;
				TargetAttributes = {
					2A3AA86627ECE37300CCF24A = {
						CreatedOnToolsVersion = 12.4;
					};
				};
			};
			buildConfigurationList = 2A3AA86227ECE37300CCF24A /* Build configuration list for PBXProject "GuessTheNumber" */;
			compatibilityVersion = "Xcode 9.3";
			developmentRegion = en;
			hasScannedForEncodings = 0;
			knownRegions = (
				en,
				Base,
			);
			mainGroup = 2A3AA85E27ECE37300CCF24A;
			productRefGroup = 2A3AA86827ECE37300CCF24A /* Products */;
			projectDirPath = "";
			projectRoot = "";
			targets = (
				2A3AA86627ECE37300CCF24A /* GuessTheNumber */,
			);
		};
/* End PBXProject section */

/* Begin PBXResourcesBuildPhase section */
		2A3AA86527ECE37300CCF24A /* Resources */ = {
			isa = PBXResourcesBuildPhase;
			buildActionMask = 2147483647;
			files = (
				2A3AA87A27ECE39A00CCF24A /* LaunchScreen.storyboard in Resources */,
				2A3AA87727ECE39A00CCF24A /* Assets.xcassets in Resources */,
				2A3AA87227ECE37400CCF24A /* Main.storyboard in Resources */,
			);
			runOnlyForDeploymentPostprocessing = 0;
		};
/* End PBXResourcesBuildPhase section */

/* Begin PBXSourcesBuildPhase section */
		2A3AA86327ECE37300CCF24A /* Sources */ = {
			isa = PBXSourcesBuildPhase;
			buildActionMask = 2147483647;
			files = (
				2A22A65C27F08BEC003B72EB /* Ext.PlayerNumberVC + ViewInputDelegate.swift in Sources */,
				2A22A66B27F08EEB003B72EB /* Ext.GameWithComputerVC + ViewInputDelegate.swift in Sources */,
				2A3AA87527ECE37400CCF24A /* GuessTheNumber.xcdatamodeld in Sources */,
				2A22A65227F0669F003B72EB /* DeviceOrientationDelegate.swift in Sources */,
				2A3AA86B27ECE37400CCF24A /* AppDelegate.swift in Sources */,
				2A3AA88427ECECCA00CCF24A /* StartMenuViewController.swift in Sources */,
				2A22A66227F08D5B003B72EB /* Ext.GameWithPlayerVC + ViewInputDelegate.swift in Sources */,
				2A22A65527F06974003B72EB /* ViewOutputDelegate.swift in Sources */,
				2A3AA89527EDC84600CCF24A /* GameWithPlayerViewController.swift in Sources */,
				2A22A64B27F06237003B72EB /* ViewInputDelegate.swift in Sources */,
				2A22A66E27F08F32003B72EB /* Ext.GameWithComputerVC + DeviceOrientationDelegate.swift in Sources */,
				2A3AA86D27ECE37400CCF24A /* SceneDelegate.swift in Sources */,
				2A3AA88927EDC42D00CCF24A /* PlayerNumberViewController.swift in Sources */,
				2A22A64F27F063DD003B72EB /* Presenter.swift in Sources */,
				2A22A66527F08DD4003B72EB /* Ext.GameWithPlayerVC + DeviceOrientationDelegate.swift in Sources */,
				2A22A65F27F08CB4003B72EB /* Ext.PlayerNumberVC + DeviceOrientationDelegate.swift in Sources */,
				2A3AA89227EDC50E00CCF24A /* FinalGameViewController.swift in Sources */,
				2A22A66827F08E5F003B72EB /* Ext.GameWithPlayerVC + AlertController.swift in Sources */,
				2A3AA88F27EDC4FC00CCF24A /* GameWithComputerViewController.swift in Sources */,
			);
			runOnlyForDeploymentPostprocessing = 0;
		};
/* End PBXSourcesBuildPhase section */

/* Begin PBXVariantGroup section */
		2A3AA87027ECE37400CCF24A /* Main.storyboard */ = {
			isa = PBXVariantGroup;
			children = (
				2A3AA87127ECE37400CCF24A /* Base */,
			);
			name = Main.storyboard;
			sourceTree = "<group>";
		};
		2A3AA87827ECE39A00CCF24A /* LaunchScreen.storyboard */ = {
			isa = PBXVariantGroup;
			children = (
				2A3AA87927ECE39A00CCF24A /* Base */,
			);
			name = LaunchScreen.storyboard;
			sourceTree = "<group>";
		};
/* End PBXVariantGroup section */

/* Begin XCBuildConfiguration section */
		2A3AA87C27ECE39A00CCF24A /* Debug */ = {
			isa = XCBuildConfiguration;
			buildSettings = {
				ALWAYS_SEARCH_USER_PATHS = NO;
				CLANG_ANALYZER_NONNULL = YES;
				CLANG_ANALYZER_NUMBER_OBJECT_CONVERSION = YES_AGGRESSIVE;
				CLANG_CXX_LANGUAGE_STANDARD = "gnu++14";
				CLANG_CXX_LIBRARY = "libc++";
				CLANG_ENABLE_MODULES = YES;
				CLANG_ENABLE_OBJC_ARC = YES;
				CLANG_ENABLE_OBJC_WEAK = YES;
				CLANG_WARN_BLOCK_CAPTURE_AUTORELEASING = YES;
				CLANG_WARN_BOOL_CONVERSION = YES;
				CLANG_WARN_COMMA = YES;
				CLANG_WARN_CONSTANT_CONVERSION = YES;
				CLANG_WARN_DEPRECATED_OBJC_IMPLEMENTATIONS = YES;
				CLANG_WARN_DIRECT_OBJC_ISA_USAGE = YES_ERROR;
				CLANG_WARN_DOCUMENTATION_COMMENTS = YES;
				CLANG_WARN_EMPTY_BODY = YES;
				CLANG_WARN_ENUM_CONVERSION = YES;
				CLANG_WARN_INFINITE_RECURSION = YES;
				CLANG_WARN_INT_CONVERSION = YES;
				CLANG_WARN_NON_LITERAL_NULL_CONVERSION = YES;
				CLANG_WARN_OBJC_IMPLICIT_RETAIN_SELF = YES;
				CLANG_WARN_OBJC_LITERAL_CONVERSION = YES;
				CLANG_WARN_OBJC_ROOT_CLASS = YES_ERROR;
				CLANG_WARN_QUOTED_INCLUDE_IN_FRAMEWORK_HEADER = YES;
				CLANG_WARN_RANGE_LOOP_ANALYSIS = YES;
				CLANG_WARN_STRICT_PROTOTYPES = YES;
				CLANG_WARN_SUSPICIOUS_MOVE = YES;
				CLANG_WARN_UNGUARDED_AVAILABILITY = YES_AGGRESSIVE;
				CLANG_WARN_UNREACHABLE_CODE = YES;
				CLANG_WARN__DUPLICATE_METHOD_MATCH = YES;
				COPY_PHASE_STRIP = NO;
				DEBUG_INFORMATION_FORMAT = dwarf;
				ENABLE_STRICT_OBJC_MSGSEND = YES;
				ENABLE_TESTABILITY = YES;
				GCC_C_LANGUAGE_STANDARD = gnu11;
				GCC_DYNAMIC_NO_PIC = NO;
				GCC_NO_COMMON_BLOCKS = YES;
				GCC_OPTIMIZATION_LEVEL = 0;
				GCC_PREPROCESSOR_DEFINITIONS = (
					"DEBUG=1",
					"$(inherited)",
				);
				GCC_WARN_64_TO_32_BIT_CONVERSION = YES;
				GCC_WARN_ABOUT_RETURN_TYPE = YES_ERROR;
				GCC_WARN_UNDECLARED_SELECTOR = YES;
				GCC_WARN_UNINITIALIZED_AUTOS = YES_AGGRESSIVE;
				GCC_WARN_UNUSED_FUNCTION = YES;
				GCC_WARN_UNUSED_VARIABLE = YES;
				IPHONEOS_DEPLOYMENT_TARGET = 14.4;
				MTL_ENABLE_DEBUG_INFO = INCLUDE_SOURCE;
				MTL_FAST_MATH = YES;
				ONLY_ACTIVE_ARCH = YES;
				SDKROOT = iphoneos;
				SWIFT_ACTIVE_COMPILATION_CONDITIONS = DEBUG;
				SWIFT_OPTIMIZATION_LEVEL = "-Onone";
			};
			name = Debug;
		};
		2A3AA87D27ECE39A00CCF24A /* Release */ = {
			isa = XCBuildConfiguration;
			buildSettings = {
				ALWAYS_SEARCH_USER_PATHS = NO;
				CLANG_ANALYZER_NONNULL = YES;
				CLANG_ANALYZER_NUMBER_OBJECT_CONVERSION = YES_AGGRESSIVE;
				CLANG_CXX_LANGUAGE_STANDARD = "gnu++14";
				CLANG_CXX_LIBRARY = "libc++";
				CLANG_ENABLE_MODULES = YES;
				CLANG_ENABLE_OBJC_ARC = YES;
				CLANG_ENABLE_OBJC_WEAK = YES;
				CLANG_WARN_BLOCK_CAPTURE_AUTORELEASING = YES;
				CLANG_WARN_BOOL_CONVERSION = YES;
				CLANG_WARN_COMMA = YES;
				CLANG_WARN_CONSTANT_CONVERSION = YES;
				CLANG_WARN_DEPRECATED_OBJC_IMPLEMENTATIONS = YES;
				CLANG_WARN_DIRECT_OBJC_ISA_USAGE = YES_ERROR;
				CLANG_WARN_DOCUMENTATION_COMMENTS = YES;
				CLANG_WARN_EMPTY_BODY = YES;
				CLANG_WARN_ENUM_CONVERSION = YES;
				CLANG_WARN_INFINITE_RECURSION = YES;
				CLANG_WARN_INT_CONVERSION = YES;
				CLANG_WARN_NON_LITERAL_NULL_CONVERSION = YES;
				CLANG_WARN_OBJC_IMPLICIT_RETAIN_SELF = YES;
				CLANG_WARN_OBJC_LITERAL_CONVERSION = YES;
				CLANG_WARN_OBJC_ROOT_CLASS = YES_ERROR;
				CLANG_WARN_QUOTED_INCLUDE_IN_FRAMEWORK_HEADER = YES;
				CLANG_WARN_RANGE_LOOP_ANALYSIS = YES;
				CLANG_WARN_STRICT_PROTOTYPES = YES;
				CLANG_WARN_SUSPICIOUS_MOVE = YES;
				CLANG_WARN_UNGUARDED_AVAILABILITY = YES_AGGRESSIVE;
				CLANG_WARN_UNREACHABLE_CODE = YES;
				CLANG_WARN__DUPLICATE_METHOD_MATCH = YES;
				COPY_PHASE_STRIP = NO;
				DEBUG_INFORMATION_FORMAT = "dwarf-with-dsym";
				ENABLE_NS_ASSERTIONS = NO;
				ENABLE_STRICT_OBJC_MSGSEND = YES;
				GCC_C_LANGUAGE_STANDARD = gnu11;
				GCC_NO_COMMON_BLOCKS = YES;
				GCC_WARN_64_TO_32_BIT_CONVERSION = YES;
				GCC_WARN_ABOUT_RETURN_TYPE = YES_ERROR;
				GCC_WARN_UNDECLARED_SELECTOR = YES;
				GCC_WARN_UNINITIALIZED_AUTOS = YES_AGGRESSIVE;
				GCC_WARN_UNUSED_FUNCTION = YES;
				GCC_WARN_UNUSED_VARIABLE = YES;
				IPHONEOS_DEPLOYMENT_TARGET = 14.4;
				MTL_ENABLE_DEBUG_INFO = NO;
				MTL_FAST_MATH = YES;
				SDKROOT = iphoneos;
				SWIFT_COMPILATION_MODE = wholemodule;
				SWIFT_OPTIMIZATION_LEVEL = "-O";
				VALIDATE_PRODUCT = YES;
			};
			name = Release;
		};
		2A3AA87F27ECE39A00CCF24A /* Debug */ = {
			isa = XCBuildConfiguration;
			buildSettings = {
				ASSETCATALOG_COMPILER_APPICON_NAME = AppIcon;
				ASSETCATALOG_COMPILER_GLOBAL_ACCENT_COLOR_NAME = AccentColor;
				CODE_SIGN_STYLE = Automatic;
				DEVELOPMENT_TEAM = 7XJC493SX7;
				INFOPLIST_FILE = GuessTheNumber/SupportingFiles/Info.plist;
				LD_RUNPATH_SEARCH_PATHS = (
					"$(inherited)",
					"@executable_path/Frameworks",
				);
				PRODUCT_BUNDLE_IDENTIFIER = AntonyTitov.com.by.GuessTheNumber;
				PRODUCT_NAME = "$(TARGET_NAME)";
				SWIFT_VERSION = 5.0;
				TARGETED_DEVICE_FAMILY = "1,2";
			};
			name = Debug;
		};
		2A3AA88027ECE39A00CCF24A /* Release */ = {
			isa = XCBuildConfiguration;
			buildSettings = {
				ASSETCATALOG_COMPILER_APPICON_NAME = AppIcon;
				ASSETCATALOG_COMPILER_GLOBAL_ACCENT_COLOR_NAME = AccentColor;
				CODE_SIGN_STYLE = Automatic;
				DEVELOPMENT_TEAM = 7XJC493SX7;
				INFOPLIST_FILE = GuessTheNumber/SupportingFiles/Info.plist;
				LD_RUNPATH_SEARCH_PATHS = (
					"$(inherited)",
					"@executable_path/Frameworks",
				);
				PRODUCT_BUNDLE_IDENTIFIER = AntonyTitov.com.by.GuessTheNumber;
				PRODUCT_NAME = "$(TARGET_NAME)";
				SWIFT_VERSION = 5.0;
				TARGETED_DEVICE_FAMILY = "1,2";
			};
			name = Release;
		};
/* End XCBuildConfiguration section */

/* Begin XCConfigurationList section */
		2A3AA86227ECE37300CCF24A /* Build configuration list for PBXProject "GuessTheNumber" */ = {
			isa = XCConfigurationList;
			buildConfigurations = (
				2A3AA87C27ECE39A00CCF24A /* Debug */,
				2A3AA87D27ECE39A00CCF24A /* Release */,
			);
			defaultConfigurationIsVisible = 0;
			defaultConfigurationName = Release;
		};
		2A3AA87E27ECE39A00CCF24A /* Build configuration list for PBXNativeTarget "GuessTheNumber" */ = {
			isa = XCConfigurationList;
			buildConfigurations = (
				2A3AA87F27ECE39A00CCF24A /* Debug */,
				2A3AA88027ECE39A00CCF24A /* Release */,
			);
			defaultConfigurationIsVisible = 0;
			defaultConfigurationName = Release;
		};
/* End XCConfigurationList section */

/* Begin XCVersionGroup section */
		2A3AA87327ECE37400CCF24A /* GuessTheNumber.xcdatamodeld */ = {
			isa = XCVersionGroup;
			children = (
				2A3AA87427ECE37400CCF24A /* GuessTheNumber.xcdatamodel */,
			);
			currentVersion = 2A3AA87427ECE37400CCF24A /* GuessTheNumber.xcdatamodel */;
			path = GuessTheNumber.xcdatamodeld;
			sourceTree = "<group>";
			versionGroupType = wrapper.xcdatamodel;
		};
/* End XCVersionGroup section */
	};
	rootObject = 2A3AA85F27ECE37300CCF24A /* Project object */;
}
